
Microsoft Visual Studio Solution File, Format Version 12.00
# Visual Studio 15
VisualStudioVersion = 15.0.26730.16
MinimumVisualStudioVersion = 10.0.40219.1
Project("{FAE04EC0-301F-11D3-BF4B-00C04F79EFBC}") = "HelloWorld", "HelloWorld\HelloWorld.csproj", "{43C24006-E4B9-4EDE-9E80-F6BE52BA19E7}"
EndProject
Global
	GlobalSection(SolutionConfigurationPlatforms) = preSolution
		Debug|Any CPU = Debug|Any CPU
		Release|Any CPU = Release|Any CPU
	EndGlobalSection
	GlobalSection(ProjectConfigurationPlatforms) = postSolution
		{43C24006-E4B9-4EDE-9E80-F6BE52BA19E7}.Debug|Any CPU.ActiveCfg = Debug|Any CPU
		{43C24006-E4B9-4EDE-9E80-F6BE52BA19E7}.Debug|Any CPU.Build.0 = Debug|Any CPU
		{43C24006-E4B9-4EDE-9E80-F6BE52BA19E7}.Release|Any CPU.ActiveCfg = Release|Any CPU
		{43C24006-E4B9-4EDE-9E80-F6BE52BA19E7}.Release|Any CPU.Build.0 = Release|Any CPU
	EndGlobalSection
	GlobalSection(SolutionProperties) = preSolution
		HideSolutionNode = FALSE
	EndGlobalSection
	GlobalSection(ExtensibilityGlobals) = postSolution
		SolutionGuid = {4C5AC719-7AA7-4832-AB35-39CF5B64D6FE}
	EndGlobalSection
EndGlobal
